
Microsoft Visual Studio Solution File, Format Version 12.00
# Visual Studio Version 16
VisualStudioVersion = 16.0.29001.49
MinimumVisualStudioVersion = 10.0.40219.1
Project("{FAE04EC0-301F-11D3-BF4B-00C04F79EFBC}") = "WebApplication1", "WebApplication1.csproj", "{E9073AD2-3E2D-4372-B7F5-76AF051AC430}"
EndProject
Global
	GlobalSection(SolutionConfigurationPlatforms) = preSolution
		Debug|Any CPU = Debug|Any CPU
		Release|Any CPU = Release|Any CPU
	EndGlobalSection
	GlobalSection(ProjectConfigurationPlatforms) = postSolution
		{E9073AD2-3E2D-4372-B7F5-76AF051AC430}.Debug|Any CPU.ActiveCfg = Debug|Any CPU
		{E9073AD2-3E2D-4372-B7F5-76AF051AC430}.Debug|Any CPU.Build.0 = Debug|Any CPU
		{E9073AD2-3E2D-4372-B7F5-76AF051AC430}.Release|Any CPU.ActiveCfg = Release|Any CPU
		{E9073AD2-3E2D-4372-B7F5-76AF051AC430}.Release|Any CPU.Build.0 = Release|Any CPU
	EndGlobalSection
	GlobalSection(SolutionProperties) = preSolution
		HideSolutionNode = FALSE
	EndGlobalSection
	GlobalSection(ExtensibilityGlobals) = postSolution
		SolutionGuid = {4C98EAED-5635-4160-BDB0-1CE4174D61E7}
	EndGlobalSection
EndGlobal
